Microsoft Visual Studio Solution File, Format Version 12.00
# Visual Studio Version 17
VisualStudioVersion = 17.5.2.0
MinimumVisualStudioVersion = 10.0.40219.1
Project("{FAE04EC0-301F-11D3-BF4B-00C04F79EFBC}") = "MangaReader", "MangaReader.csproj", "{A1F188B8-F0BF-C6C9-DE8E-2BB983FB6CC9}"
EndProject
Global
	GlobalSection(SolutionConfigurationPlatforms) = preSolution
		Debug|Any CPU = Debug|Any CPU
		Release|Any CPU = Release|Any CPU
	EndGlobalSection
	GlobalSection(ProjectConfigurationPlatforms) = postSolution
		{A1F188B8-F0BF-C6C9-DE8E-2BB983FB6CC9}.Debug|Any CPU.ActiveCfg = Debug|Any CPU
		{A1F188B8-F0BF-C6C9-DE8E-2BB983FB6CC9}.Debug|Any CPU.Build.0 = Debug|Any CPU
		{A1F188B8-F0BF-C6C9-DE8E-2BB983FB6CC9}.Release|Any CPU.ActiveCfg = Release|Any CPU
		{A1F188B8-F0BF-C6C9-DE8E-2BB983FB6CC9}.Release|Any CPU.Build.0 = Release|Any CPU
	EndGlobalSection
	GlobalSection(SolutionProperties) = preSolution
		HideSolutionNode = FALSE
	EndGlobalSection
	GlobalSection(ExtensibilityGlobals) = postSolution
		SolutionGuid = {B215E292-70BB-4612-AA41-0C956891BD27}
	EndGlobalSection
EndGlobal
